
Microsoft Visual Studio Solution File, Format Version 12.00
# Visual Studio Version 17
VisualStudioVersion = 17.6.33829.357
MinimumVisualStudioVersion = 10.0.40219.1
Project("{FAE04EC0-301F-11D3-BF4B-00C04F79EFBC}") = "SchoolManagementSystem", "SchoolManagementSystem.csproj", "{6EF6DFC1-8E5E-4C29-A268-3CD607FAF38C}"
EndProject
Global
	GlobalSection(SolutionConfigurationPlatforms) = preSolution
		Debug|Any CPU = Debug|Any CPU
		Release|Any CPU = Release|Any CPU
	EndGlobalSection
	GlobalSection(ProjectConfigurationPlatforms) = postSolution
		{6EF6DFC1-8E5E-4C29-A268-3CD607FAF38C}.Debug|Any CPU.ActiveCfg = Debug|Any CPU
		{6EF6DFC1-8E5E-4C29-A268-3CD607FAF38C}.Debug|Any CPU.Build.0 = Debug|Any CPU
		{6EF6DFC1-8E5E-4C29-A268-3CD607FAF38C}.Release|Any CPU.ActiveCfg = Release|Any CPU
		{6EF6DFC1-8E5E-4C29-A268-3CD607FAF38C}.Release|Any CPU.Build.0 = Release|Any CPU
	EndGlobalSection
	GlobalSection(SolutionProperties) = preSolution
		HideSolutionNode = FALSE
	EndGlobalSection
	GlobalSection(ExtensibilityGlobals) = postSolution
		SolutionGuid = {24AD94C2-366A-4E97-A5AD-5A83E7FDE6E2}
	EndGlobalSection
EndGlobal
